
Microsoft Visual Studio Solution File, Format Version 12.00
# Visual Studio Version 17
VisualStudioVersion = 17.7.34031.279
MinimumVisualStudioVersion = 10.0.40219.1
Project("{9A19103F-16F7-4668-BE54-9A1E7A4F7556}") = "XO_Game_API", "Minimal_API_Tutorial\XO_Game_API.csproj", "{E91FD663-243A-496F-B5D4-1A4BFF9731C1}"
EndProject
Project("{9A19103F-16F7-4668-BE54-9A1E7A4F7556}") = "Business_And_Data_Layers", "Business_And_Data_Layers\Business_And_Data_Layers.csproj", "{9BA69088-C341-4967-80F7-76E70AB40805}"
EndProject
Global
	GlobalSection(SolutionConfigurationPlatforms) = preSolution
		Debug|Any CPU = Debug|Any CPU
		Release|Any CPU = Release|Any CPU
	EndGlobalSection
	GlobalSection(ProjectConfigurationPlatforms) = postSolution
		{E91FD663-243A-496F-B5D4-1A4BFF9731C1}.Debug|Any CPU.ActiveCfg = Debug|Any CPU
		{E91FD663-243A-496F-B5D4-1A4BFF9731C1}.Debug|Any CPU.Build.0 = Debug|Any CPU
		{E91FD663-243A-496F-B5D4-1A4BFF9731C1}.Release|Any CPU.ActiveCfg = Release|Any CPU
		{E91FD663-243A-496F-B5D4-1A4BFF9731C1}.Release|Any CPU.Build.0 = Release|Any CPU
		{9BA69088-C341-4967-80F7-76E70AB40805}.Debug|Any CPU.ActiveCfg = Debug|Any CPU
		{9BA69088-C341-4967-80F7-76E70AB40805}.Debug|Any CPU.Build.0 = Debug|Any CPU
		{9BA69088-C341-4967-80F7-76E70AB40805}.Release|Any CPU.ActiveCfg = Release|Any CPU
		{9BA69088-C341-4967-80F7-76E70AB40805}.Release|Any CPU.Build.0 = Release|Any CPU
	EndGlobalSection
	GlobalSection(SolutionProperties) = preSolution
		HideSolutionNode = FALSE
	EndGlobalSection
	GlobalSection(ExtensibilityGlobals) = postSolution
		SolutionGuid = {B84543FE-5709-44B3-8156-44677897862A}
	EndGlobalSection
EndGlobal
